// !$*UTF8*$!
{
	archiveVersion = 1;
	classes = {
	};
	objectVersion = 48;
	objects = {

/* Begin PBXBuildFile section */
		58CA681A205FEC0A004D8ACD /* AppDelegate.swift in Sources */ = {isa = PBXBuildFile; fileRef = 58CA6819205FEC0A004D8ACD /* AppDelegate.swift */; };
		58CA681C205FEC0B004D8ACD /* ViewController.swift in Sources */ = {isa = PBXBuildFile; fileRef = 58CA681B205FEC0B004D8ACD /* ViewController.swift */; };
		58CA681F205FEC0B004D8ACD /* Main.storyboard in Resources */ = {isa = PBXBuildFile; fileRef = 58CA681D205FEC0B004D8ACD /* Main.storyboard */; };
		58CA6821205FEC0B004D8ACD /* Assets.xcassets in Resources */ = {isa = PBXBuildFile; fileRef = 58CA6820205FEC0B004D8ACD /* Assets.xcassets */; };
		58CA6824205FEC0B004D8ACD /* LaunchScreen.storyboard in Resources */ = {isa = PBXBuildFile; fileRef = 58CA6822205FEC0B004D8ACD /* LaunchScreen.storyboard */; };
		58CA682F205FEC0B004D8ACD /* pokedexTests.swift in Sources */ = {isa = PBXBuildFile; fileRef = 58CA682E205FEC0B004D8ACD /* pokedexTests.swift */; };
		58CA683A205FEC0B004D8ACD /* pokedexUITests.swift in Sources */ = {isa = PBXBuildFile; fileRef = 58CA6839205FEC0B004D8ACD /* pokedexUITests.swift */; };
/* End PBXBuildFile section */

/* Begin PBXContainerItemProxy section */
		58CA682B205FEC0B004D8ACD /* PBXContainerItemProxy */ = {
			isa = PBXContainerItemProxy;
			containerPortal = 58CA680E205FEC0A004D8ACD /* Project object */;
			proxyType = 1;
			remoteGlobalIDString = 58CA6815205FEC0A004D8ACD;
			remoteInfo = pokedex;
		};
		58CA6836205FEC0B004D8ACD /* PBXContainerItemProxy */ = {
			isa = PBXContainerItemProxy;
			containerPortal = 58CA680E205FEC0A004D8ACD /* Project object */;
			proxyType = 1;
			remoteGlobalIDString = 58CA6815205FEC0A004D8ACD;
			remoteInfo = pokedex;
		};
/* End PBXContainerItemProxy section */

/* Begin PBXFileReference section */
		58CA6816205FEC0A004D8ACD /* pokedex.app */ = {isa = PBXFileReference; explicitFileType = wrapper.application; includeInIndex = 0; path = pokedex.app; sourceTree = BUILT_PRODUCTS_DIR; };
		58CA6819205FEC0A004D8ACD /* AppDelegate.swift */ = {isa = PBXFileReference; lastKnownFileType = sourcecode.swift; path = AppDelegate.swift; sourceTree = "<group>"; };
		58CA681B205FEC0B004D8ACD /* ViewController.swift */ = {isa = PBXFileReference; lastKnownFileType = sourcecode.swift; path = ViewController.swift; sourceTree = "<group>"; };
		58CA681E205FEC0B004D8ACD /* Base */ = {isa = PBXFileReference; lastKnownFileType = file.storyboard; name = Base; path = Base.lproj/Main.storyboard; sourceTree = "<group>"; };
		58CA6820205FEC0B004D8ACD /* Assets.xcassets */ = {isa = PBXFileReference; lastKnownFileType = folder.assetcatalog; path = Assets.xcassets; sourceTree = "<group>"; };
		58CA6823205FEC0B004D8ACD /* Base */ = {isa = PBXFileReference; lastKnownFileType = file.storyboard; name = Base; path = Base.lproj/LaunchScreen.storyboard; sourceTree = "<group>"; };
		58CA6825205FEC0B004D8ACD /* Info.plist */ = {isa = PBXFileReference; lastKnownFileType = text.plist.xml; path = Info.plist; sourceTree = "<group>"; };
		58CA682A205FEC0B004D8ACD /* pokedexTests.xctest */ = {isa = PBXFileReference; explicitFileType = wrapper.cfbundle; includeInIndex = 0; path = pokedexTests.xctest; sourceTree = BUILT_PRODUCTS_DIR; };
		58CA682E205FEC0B004D8ACD /* pokedexTests.swift */ = {isa = PBXFileReference; lastKnownFileType = sourcecode.swift; path = pokedexTests.swift; sourceTree = "<group>"; };
		58CA6830205FEC0B004D8ACD /* Info.plist */ = {isa = PBXFileReference; lastKnownFileType = text.plist.xml; path = Info.plist; sourceTree = "<group>"; };
		58CA6835205FEC0B004D8ACD /* pokedexUITests.xctest */ = {isa = PBXFileReference; explicitFileType = wrapper.cfbundle; includeInIndex = 0; path = pokedexUITests.xctest; sourceTree = BUILT_PRODUCTS_DIR; };
		58CA6839205FEC0B004D8ACD /* pokedexUITests.swift */ = {isa = PBXFileReference; lastKnownFileType = sourcecode.swift; path = pokedexUITests.swift; sourceTree = "<group>"; };
		58CA683B205FEC0B004D8ACD /* Info.plist */ = {isa = PBXFileReference; lastKnownFileType = text.plist.xml; path = Info.plist; sourceTree = "<group>"; };
/* End PBXFileReference section */

/* Begin PBXFrameworksBuildPhase section */
		58CA6813205FEC0A004D8ACD /* Frameworks */ = {
			isa = PBXFrameworksBuildPhase;
			buildActionMask = 2147483647;
			files = (
			);
			runOnlyForDeploymentPostprocessing = 0;
		};
		58CA6827205FEC0B004D8ACD /* Frameworks */ = {
			isa = PBXFrameworksBuildPhase;
			buildActionMask = 2147483647;
			files = (
			);
			runOnlyForDeploymentPostprocessing = 0;
		};
		58CA6832205FEC0B004D8ACD /* Frameworks */ = {
			isa = PBXFrameworksBuildPhase;
			buildActionMask = 2147483647;
			files = (
			);
			runOnlyForDeploymentPostprocessing = 0;
		};
/* End PBXFrameworksBuildPhase section */

/* Begin PBXGroup section */
		58CA680D205FEC0A004D8ACD = {
			isa = PBXGroup;
			children = (
				58CA6818205FEC0A004D8ACD /* pokedex */,
				58CA682D205FEC0B004D8ACD /* pokedexTests */,
				58CA6838205FEC0B004D8ACD /* pokedexUITests */,
				58CA6817205FEC0A004D8ACD /* Products */,
			);
			sourceTree = "<group>";
		};
		58CA6817205FEC0A004D8ACD /* Products */ = {
			isa = PBXGroup;
			children = (
				58CA6816205FEC0A004D8ACD /* pokedex.app */,
				58CA682A205FEC0B004D8ACD /* pokedexTests.xctest */,
				58CA6835205FEC0B004D8ACD /* pokedexUITests.xctest */,
			);
			name = Products;
			sourceTree = "<group>";
		};
		58CA6818205FEC0A004D8ACD /* pokedex */ = {
			isa = PBXGroup;
			children = (
				58CA6819205FEC0A004D8ACD /* AppDelegate.swift */,
				58CA681B205FEC0B004D8ACD /* ViewController.swift */,
				58CA681D205FEC0B004D8ACD /* Main.storyboard */,
				58CA6820205FEC0B004D8ACD /* Assets.xcassets */,
				58CA6822205FEC0B004D8ACD /* LaunchScreen.storyboard */,
				58CA6825205FEC0B004D8ACD /* Info.plist */,
			);
			path = pokedex;
			sourceTree = "<group>";
		};
		58CA682D205FEC0B004D8ACD /* pokedexTests */ = {
			isa = PBXGroup;
			children = (
				58CA682E205FEC0B004D8ACD /* pokedexTests.swift */,
				58CA6830205FEC0B004D8ACD /* Info.plist */,
			);
			path = pokedexTests;
			sourceTree = "<group>";
		};
		58CA6838205FEC0B004D8ACD /* pokedexUITests */ = {
			isa = PBXGroup;
			children = (
				58CA6839205FEC0B004D8ACD /* pokedexUITests.swift */,
				58CA683B205FEC0B004D8ACD /* Info.plist */,
			);
			path = pokedexUITests;
			sourceTree = "<group>";
		};
/* End PBXGroup section */

/* Begin PBXNativeTarget section */
		58CA6815205FEC0A004D8ACD /* pokedex */ = {
			isa = PBXNativeTarget;
			buildConfigurationList = 58CA683E205FEC0B004D8ACD /* Build configuration list for PBXNativeTarget "pokedex" */;
			buildPhases = (
				58CA6812205FEC0A004D8ACD /* Sources */,
				58CA6813205FEC0A004D8ACD /* Frameworks */,
				58CA6814205FEC0A004D8ACD /* Resources */,
			);
			buildRules = (
			);
			dependencies = (
			);
			name = pokedex;
			productName = pokedex;
			productReference = 58CA6816205FEC0A004D8ACD /* pokedex.app */;
			productType = "com.apple.product-type.application";
		};
		58CA6829205FEC0B004D8ACD /* pokedexTests */ = {
			isa = PBXNativeTarget;
			buildConfigurationList = 58CA6841205FEC0B004D8ACD /* Build configuration list for PBXNativeTarget "pokedexTests" */;
			buildPhases = (
				58CA6826205FEC0B004D8ACD /* Sources */,
				58CA6827205FEC0B004D8ACD /* Frameworks */,
				58CA6828205FEC0B004D8ACD /* Resources */,
			);
			buildRules = (
			);
			dependencies = (
				58CA682C205FEC0B004D8ACD /* PBXTargetDependency */,
			);
			name = pokedexTests;
			productName = pokedexTests;
			productReference = 58CA682A205FEC0B004D8ACD /* pokedexTests.xctest */;
			productType = "com.apple.product-type.bundle.unit-test";
		};
		58CA6834205FEC0B004D8ACD /* pokedexUITests */ = {
			isa = PBXNativeTarget;
			buildConfigurationList = 58CA6844205FEC0B004D8ACD /* Build configuration list for PBXNativeTarget "pokedexUITests" */;
			buildPhases = (
				58CA6831205FEC0B004D8ACD /* Sources */,
				58CA6832205FEC0B004D8ACD /* Frameworks */,
				58CA6833205FEC0B004D8ACD /* Resources */,
			);
			buildRules = (
			);
			dependencies = (
				58CA6837205FEC0B004D8ACD /* PBXTargetDependency */,
			);
			name = pokedexUITests;
			productName = pokedexUITests;
			productReference = 58CA6835205FEC0B004D8ACD /* pokedexUITests.xctest */;
			productType = "com.apple.product-type.bundle.ui-testing";
		};
/* End PBXNativeTarget section */

/* Begin PBXProject section */
		58CA680E205FEC0A004D8ACD /* Project object */ = {
			isa = PBXProject;
			attributes = {
				LastSwiftUpdateCheck = 0920;
				LastUpgradeCheck = 0920;
				ORGANIZATIONNAME = "Achim Munene";
				TargetAttributes = {
					58CA6815205FEC0A004D8ACD = {
						CreatedOnToolsVersion = 9.2;
						ProvisioningStyle = Automatic;
					};
					58CA6829205FEC0B004D8ACD = {
						CreatedOnToolsVersion = 9.2;
						ProvisioningStyle = Automatic;
						TestTargetID = 58CA6815205FEC0A004D8ACD;
					};
					58CA6834205FEC0B004D8ACD = {
						CreatedOnToolsVersion = 9.2;
						ProvisioningStyle = Automatic;
						TestTargetID = 58CA6815205FEC0A004D8ACD;
					};
				};
			};
			buildConfigurationList = 58CA6811205FEC0A004D8ACD /* Build configuration list for PBXProject "pokedex" */;
			compatibilityVersion = "Xcode 8.0";
			developmentRegion = en;
			hasScannedForEncodings = 0;
			knownRegions = (
				en,
				Base,
			);
			mainGroup = 58CA680D205FEC0A004D8ACD;
			productRefGroup = 58CA6817205FEC0A004D8ACD /* Products */;
			projectDirPath = "";
			projectRoot = "";
			targets = (
				58CA6815205FEC0A004D8ACD /* pokedex */,
				58CA6829205FEC0B004D8ACD /* pokedexTests */,
				58CA6834205FEC0B004D8ACD /* pokedexUITests */,
			);
		};
/* End PBXProject section */

/* Begin PBXResourcesBuildPhase section */
		58CA6814205FEC0A004D8ACD /* Resources */ = {
			isa = PBXResourcesBuildPhase;
			buildActionMask = 2147483647;
			files = (
				58CA6824205FEC0B004D8ACD /* LaunchScreen.storyboard in Resources */,
				58CA6821205FEC0B004D8ACD /* Assets.xcassets in Resources */,
				58CA681F205FEC0B004D8ACD /* Main.storyboard in Resources */,
			);
			runOnlyForDeploymentPostprocessing = 0;
		};
		58CA6828205FEC0B004D8ACD /* Resources */ = {
			isa = PBXResourcesBuildPhase;
			buildActionMask = 2147483647;
			files = (
			);
			runOnlyForDeploymentPostprocessing = 0;
		};
		58CA6833205FEC0B004D8ACD /* Resources */ = {
			isa = PBXResourcesBuildPhase;
			buildActionMask = 2147483647;
			files = (
			);
			runOnlyForDeploymentPostprocessing = 0;
		};
/* End PBXResourcesBuildPhase section */

/* Begin PBXSourcesBuildPhase section */
		58CA6812205FEC0A004D8ACD /* Sources */ = {
			isa = PBXSourcesBuildPhase;
			buildActionMask = 2147483647;
			files = (
				58CA681C205FEC0B004D8ACD /* ViewController.swift in Sources */,
				58CA681A205FEC0A004D8ACD /* AppDelegate.swift in Sources */,
			);
			runOnlyForDeploymentPostprocessing = 0;
		};
		58CA6826205FEC0B004D8ACD /* Sources */ = {
			isa = PBXSourcesBuildPhase;
			buildActionMask = 2147483647;
			files = (
				58CA682F205FEC0B004D8ACD /* pokedexTests.swift in Sources */,
			);
			runOnlyForDeploymentPostprocessing = 0;
		};
		58CA6831205FEC0B004D8ACD /* Sources */ = {
			isa = PBXSourcesBuildPhase;
			buildActionMask = 2147483647;
			files = (
				58CA683A205FEC0B004D8ACD /* pokedexUITests.swift in Sources */,
			);
			runOnlyForDeploymentPostprocessing = 0;
		};
/* End PBXSourcesBuildPhase section */

/* Begin PBXTargetDependency section */
		58CA682C205FEC0B004D8ACD /* PBXTargetDependency */ = {
			isa = PBXTargetDependency;
			target = 58CA6815205FEC0A004D8ACD /* pokedex */;
			targetProxy = 58CA682B205FEC0B004D8ACD /* PBXContainerItemProxy */;
		};
		58CA6837205FEC0B004D8ACD /* PBXTargetDependency */ = {
			isa = PBXTargetDependency;
			target = 58CA6815205FEC0A004D8ACD /* pokedex */;
			targetProxy = 58CA6836205FEC0B004D8ACD /* PBXContainerItemProxy */;
		};
/* End PBXTargetDependency section */

/* Begin PBXVariantGroup section */
		58CA681D205FEC0B004D8ACD /* Main.storyboard */ = {
			isa = PBXVariantGroup;
			children = (
				58CA681E205FEC0B004D8ACD /* Base */,
			);
			name = Main.storyboard;
			sourceTree = "<group>";
		};
		58CA6822205FEC0B004D8ACD /* LaunchScreen.storyboard */ = {
			isa = PBXVariantGroup;
			children = (
				58CA6823205FEC0B004D8ACD /* Base */,
			);
			name = LaunchScreen.storyboard;
			sourceTree = "<group>";
		};
/* End PBXVariantGroup section */

/* Begin XCBuildConfiguration section */
		58CA683C205FEC0B004D8ACD /* Debug */ = {
			isa = XCBuildConfiguration;
			buildSettings = {
				ALWAYS_SEARCH_USER_PATHS = NO;
				CLANG_ANALYZER_NONNULL = YES;
				CLANG_ANALYZER_NUMBER_OBJECT_CONVERSION = YES_AGGRESSIVE;
				CLANG_CXX_LANGUAGE_STANDARD = "gnu++14";
				CLANG_CXX_LIBRARY = "libc++";
				CLANG_ENABLE_MODULES = YES;
				CLANG_ENABLE_OBJC_ARC = YES;
				CLANG_WARN_BLOCK_CAPTURE_AUTORELEASING = YES;
				CLANG_WARN_BOOL_CONVERSION = YES;
				CLANG_WARN_COMMA = YES;
				CLANG_WARN_CONSTANT_CONVERSION = YES;
				CLANG_WARN_DIRECT_OBJC_ISA_USAGE = YES_ERROR;
				CLANG_WARN_DOCUMENTATION_COMMENTS = YES;
				CLANG_WARN_EMPTY_BODY = YES;
				CLANG_WARN_ENUM_CONVERSION = YES;
				CLANG_WARN_INFINITE_RECURSION = YES;
				CLANG_WARN_INT_CONVERSION = YES;
				CLANG_WARN_NON_LITERAL_NULL_CONVERSION = YES;
				CLANG_WARN_OBJC_LITERAL_CONVERSION = YES;
				CLANG_WARN_OBJC_ROOT_CLASS = YES_ERROR;
				CLANG_WARN_RANGE_LOOP_ANALYSIS = YES;
				CLANG_WARN_STRICT_PROTOTYPES = YES;
				CLANG_WARN_SUSPICIOUS_MOVE = YES;
				CLANG_WARN_UNGUARDED_AVAILABILITY = YES_AGGRESSIVE;
				CLANG_WARN_UNREACHABLE_CODE = YES;
				CLANG_WARN__DUPLICATE_METHOD_MATCH = YES;
				CODE_SIGN_IDENTITY = "iPhone Developer";
				COPY_PHASE_STRIP = NO;
				DEBUG_INFORMATION_FORMAT = dwarf;
				ENABLE_STRICT_OBJC_MSGSEND = YES;
				ENABLE_TESTABILITY = YES;
				GCC_C_LANGUAGE_STANDARD = gnu11;
				GCC_DYNAMIC_NO_PIC = NO;
				GCC_NO_COMMON_BLOCKS = YES;
				GCC_OPTIMIZATION_LEVEL = 0;
				GCC_PREPROCESSOR_DEFINITIONS = (
					"DEBUG=1",
					"$(inherited)",
				);
				GCC_WARN_64_TO_32_BIT_CONVERSION = YES;
				GCC_WARN_ABOUT_RETURN_TYPE = YES_ERROR;
				GCC_WARN_UNDECLARED_SELECTOR = YES;
				GCC_WARN_UNINITIALIZED_AUTOS = YES_AGGRESSIVE;
				GCC_WARN_UNUSED_FUNCTION = YES;
				GCC_WARN_UNUSED_VARIABLE = YES;
				IPHONEOS_DEPLOYMENT_TARGET = 11.2;
				MTL_ENABLE_DEBUG_INFO = YES;
				ONLY_ACTIVE_ARCH = YES;
				SDKROOT = iphoneos;
				SWIFT_ACTIVE_COMPILATION_CONDITIONS = DEBUG;
				SWIFT_OPTIMIZATION_LEVEL = "-Onone";
			};
			name = Debug;
		};
		58CA683D205FEC0B004D8ACD /* Release */ = {
			isa = XCBuildConfiguration;
			buildSettings = {
				ALWAYS_SEARCH_USER_PATHS = NO;
				CLANG_ANALYZER_NONNULL = YES;
				CLANG_ANALYZER_NUMBER_OBJECT_CONVERSION = YES_AGGRESSIVE;
				CLANG_CXX_LANGUAGE_STANDARD = "gnu++14";
				CLANG_CXX_LIBRARY = "libc++";
				CLANG_ENABLE_MODULES = YES;
				CLANG_ENABLE_OBJC_ARC = YES;
				CLANG_WARN_BLOCK_CAPTURE_AUTORELEASING = YES;
				CLANG_WARN_BOOL_CONVERSION = YES;
				CLANG_WARN_COMMA = YES;
				CLANG_WARN_CONSTANT_CONVERSION = YES;
				CLANG_WARN_DIRECT_OBJC_ISA_USAGE = YES_ERROR;
				CLANG_WARN_DOCUMENTATION_COMMENTS = YES;
				CLANG_WARN_EMPTY_BODY = YES;
				CLANG_WARN_ENUM_CONVERSION = YES;
				CLANG_WARN_INFINITE_RECURSION = YES;
				CLANG_WARN_INT_CONVERSION = YES;
				CLANG_WARN_NON_LITERAL_NULL_CONVERSION = YES;
				CLANG_WARN_OBJC_LITERAL_CONVERSION = YES;
				CLANG_WARN_OBJC_ROOT_CLASS = YES_ERROR;
				CLANG_WARN_RANGE_LOOP_ANALYSIS = YES;
				CLANG_WARN_STRICT_PROTOTYPES = YES;
				CLANG_WARN_SUSPICIOUS_MOVE = YES;
				CLANG_WARN_UNGUARDED_AVAILABILITY = YES_AGGRESSIVE;
				CLANG_WARN_UNREACHABLE_CODE = YES;
				CLANG_WARN__DUPLICATE_METHOD_MATCH = YES;
				CODE_SIGN_IDENTITY = "iPhone Developer";
				COPY_PHASE_STRIP = NO;
				DEBUG_INFORMATION_FORMAT = "dwarf-with-dsym";
				ENABLE_NS_ASSERTIONS = NO;
				ENABLE_STRICT_OBJC_MSGSEND = YES;
				GCC_C_LANGUAGE_STANDARD = gnu11;
				GCC_NO_COMMON_BLOCKS = YES;
				GCC_WARN_64_TO_32_BIT_CONVERSION = YES;
				GCC_WARN_ABOUT_RETURN_TYPE = YES_ERROR;
				GCC_WARN_UNDECLARED_SELECTOR = YES;
				GCC_WARN_UNINITIALIZED_AUTOS = YES_AGGRESSIVE;
				GCC_WARN_UNUSED_FUNCTION = YES;
				GCC_WARN_UNUSED_VARIABLE = YES;
				IPHONEOS_DEPLOYMENT_TARGET = 11.2;
				MTL_ENABLE_DEBUG_INFO = NO;
				SDKROOT = iphoneos;
				SWIFT_OPTIMIZATION_LEVEL = "-Owholemodule";
				VALIDATE_PRODUCT = YES;
			};
			name = Release;
		};
		58CA683F205FEC0B004D8ACD /* Debug */ = {
			isa = XCBuildConfiguration;
			buildSettings = {
				ASSETCATALOG_COMPILER_APPICON_NAME = AppIcon;
				CODE_SIGN_STYLE = Automatic;
				DEVELOPMENT_TEAM = 8PB75F3VS7;
				INFOPLIST_FILE = pokedex/Info.plist;
				LD_RUNPATH_SEARCH_PATHS = "$(inherited) @executable_path/Frameworks";
				PRODUCT_BUNDLE_IDENTIFIER = com.achim.pokedex;
				PRODUCT_NAME = "$(TARGET_NAME)";
				SWIFT_VERSION = 4.0;
				TARGETED_DEVICE_FAMILY = "1,2";
			};
			name = Debug;
		};
		58CA6840205FEC0B004D8ACD /* Release */ = {
			isa = XCBuildConfiguration;
			buildSettings = {
				ASSETCATALOG_COMPILER_APPICON_NAME = AppIcon;
				CODE_SIGN_STYLE = Automatic;
				DEVELOPMENT_TEAM = 8PB75F3VS7;
				INFOPLIST_FILE = pokedex/Info.plist;
				LD_RUNPATH_SEARCH_PATHS = "$(inherited) @executable_path/Frameworks";
				PRODUCT_BUNDLE_IDENTIFIER = com.achim.pokedex;
				PRODUCT_NAME = "$(TARGET_NAME)";
				SWIFT_VERSION = 4.0;
				TARGETED_DEVICE_FAMILY = "1,2";
			};
			name = Release;
		};
		58CA6842205FEC0B004D8ACD /* Debug */ = {
			isa = XCBuildConfiguration;
			buildSettings = {
				ALWAYS_EMBED_SWIFT_STANDARD_LIBRARIES = YES;
				BUNDLE_LOADER = "$(TEST_HOST)";
				CODE_SIGN_STYLE = Automatic;
				DEVELOPMENT_TEAM = 8PB75F3VS7;
				INFOPLIST_FILE = pokedexTests/Info.plist;
				LD_RUNPATH_SEARCH_PATHS = "$(inherited) @executable_path/Frameworks @loader_path/Frameworks";
				PRODUCT_BUNDLE_IDENTIFIER = com.achim.pokedexTests;
				PRODUCT_NAME = "$(TARGET_NAME)";
				SWIFT_VERSION = 4.0;
				TARGETED_DEVICE_FAMILY = "1,2";
				TEST_HOST = "$(BUILT_PRODUCTS_DIR)/pokedex.app/pokedex";
			};
			name = Debug;
		};
		58CA6843205FEC0B004D8ACD /* Release */ = {
			isa = XCBuildConfiguration;
			buildSettings = {
				ALWAYS_EMBED_SWIFT_STANDARD_LIBRARIES = YES;
				BUNDLE_LOADER = "$(TEST_HOST)";
				CODE_SIGN_STYLE = Automatic;
				DEVELOPMENT_TEAM = 8PB75F3VS7;
				INFOPLIST_FILE = pokedexTests/Info.plist;
				LD_RUNPATH_SEARCH_PATHS = "$(inherited) @executable_path/Frameworks @loader_path/Frameworks";
				PRODUCT_BUNDLE_IDENTIFIER = com.achim.pokedexTests;
				PRODUCT_NAME = "$(TARGET_NAME)";
				SWIFT_VERSION = 4.0;
				TARGETED_DEVICE_FAMILY = "1,2";
				TEST_HOST = "$(BUILT_PRODUCTS_DIR)/pokedex.app/pokedex";
			};
			name = Release;
		};
		58CA6845205FEC0B004D8ACD /* Debug */ = {
			isa = XCBuildConfiguration;
			buildSettings = {
				ALWAYS_EMBED_SWIFT_STANDARD_LIBRARIES = YES;
				CODE_SIGN_STYLE = Automatic;
				DEVELOPMENT_TEAM = 8PB75F3VS7;
				INFOPLIST_FILE = pokedexUITests/Info.plist;
				LD_RUNPATH_SEARCH_PATHS = "$(inherited) @executable_path/Frameworks @loader_path/Frameworks";
				PRODUCT_BUNDLE_IDENTIFIER = com.achim.pokedexUITests;
				PRODUCT_NAME = "$(TARGET_NAME)";
				SWIFT_VERSION = 4.0;
				TARGETED_DEVICE_FAMILY = "1,2";
				TEST_TARGET_NAME = pokedex;
			};
			name = Debug;
		};
		58CA6846205FEC0B004D8ACD /* Release */ = {
			isa = XCBuildConfiguration;
			buildSettings = {
				ALWAYS_EMBED_SWIFT_STANDARD_LIBRARIES = YES;
				CODE_SIGN_STYLE = Automatic;
				DEVELOPMENT_TEAM = 8PB75F3VS7;
				INFOPLIST_FILE = pokedexUITests/Info.plist;
				LD_RUNPATH_SEARCH_PATHS = "$(inherited) @executable_path/Frameworks @loader_path/Frameworks";
				PRODUCT_BUNDLE_IDENTIFIER = com.achim.pokedexUITests;
				PRODUCT_NAME = "$(TARGET_NAME)";
				SWIFT_VERSION = 4.0;
				TARGETED_DEVICE_FAMILY = "1,2";
				TEST_TARGET_NAME = pokedex;
			};
			name = Release;
		};
/* End XCBuildConfiguration section */

/* Begin XCConfigurationList section */
		58CA6811205FEC0A004D8ACD /* Build configuration list for PBXProject "pokedex" */ = {
			isa = XCConfigurationList;
			buildConfigurations = (
				58CA683C205FEC0B004D8ACD /* Debug */,
				58CA683D205FEC0B004D8ACD /* Release */,
			);
			defaultConfigurationIsVisible = 0;
			defaultConfigurationName = Release;
		};
		58CA683E205FEC0B004D8ACD /* Build configuration list for PBXNativeTarget "pokedex" */ = {
			isa = XCConfigurationList;
			buildConfigurations = (
				58CA683F205FEC0B004D8ACD /* Debug */,
				58CA6840205FEC0B004D8ACD /* Release */,
			);
			defaultConfigurationIsVisible = 0;
			defaultConfigurationName = Release;
		};
		58CA6841205FEC0B004D8ACD /* Build configuration list for PBXNativeTarget "pokedexTests" */ = {
			isa = XCConfigurationList;
			buildConfigurations = (
				58CA6842205FEC0B004D8ACD /* Debug */,
				58CA6843205FEC0B004D8ACD /* Release */,
			);
			defaultConfigurationIsVisible = 0;
			defaultConfigurationName = Release;
		};
		58CA6844205FEC0B004D8ACD /* Build configuration list for PBXNativeTarget "pokedexUITests" */ = {
			isa = XCConfigurationList;
			buildConfigurations = (
				58CA6845205FEC0B004D8ACD /* Debug */,
				58CA6846205FEC0B004D8ACD /* Release */,
			);
			defaultConfigurationIsVisible = 0;
			defaultConfigurationName = Release;
		};
/* End XCConfigurationList section */
	};
	rootObject = 58CA680E205FEC0A004D8ACD /* Project object */;
}
